
Microsoft Visual Studio Solution File, Format Version 12.00
# Visual Studio Version 16
VisualStudioVersion = 16.0.32126.315
MinimumVisualStudioVersion = 10.0.40219.1
Project("{FAE04EC0-301F-11D3-BF4B-00C04F79EFBC}") = "RandomLig", "RandomLig\RandomLig.csproj", "{955F081F-919B-4FC3-84C6-C87B3C742A68}"
EndProject
Global
	GlobalSection(SolutionConfigurationPlatforms) = preSolution
		Debug|Any CPU = Debug|Any CPU
		Release|Any CPU = Release|Any CPU
	EndGlobalSection
	GlobalSection(ProjectConfigurationPlatforms) = postSolution
		{955F081F-919B-4FC3-84C6-C87B3C742A68}.Debug|Any CPU.ActiveCfg = Debug|Any CPU
		{955F081F-919B-4FC3-84C6-C87B3C742A68}.Debug|Any CPU.Build.0 = Debug|Any CPU
		{955F081F-919B-4FC3-84C6-C87B3C742A68}.Release|Any CPU.ActiveCfg = Release|Any CPU
		{955F081F-919B-4FC3-84C6-C87B3C742A68}.Release|Any CPU.Build.0 = Release|Any CPU
	EndGlobalSection
	GlobalSection(SolutionProperties) = preSolution
		HideSolutionNode = FALSE
	EndGlobalSection
	GlobalSection(ExtensibilityGlobals) = postSolution
		SolutionGuid = {EA78D669-C513-4EE7-8FBB-B39CF5D75BA9}
	EndGlobalSection
EndGlobal
